
Microsoft Visual Studio Solution File, Format Version 12.00
# Visual Studio 2012
Project("{FAE04EC0-301F-11D3-BF4B-00C04F79EFBC}") = "InformationSystemOfChair.Entity", "InformationSystemOfChair.Entity\InformationSystemOfChair.Entity.csproj", "{0800B88C-7F25-427E-BD57-04922BF3E066}"
EndProject
Project("{FAE04EC0-301F-11D3-BF4B-00C04F79EFBC}") = "InformationSystemOfChair.UI", "InformationSystemOfChair.UI\InformationSystemOfChair.UI.csproj", "{176E6303-ADC1-423A-BF8D-240AFB91DEA3}"
EndProject
Project("{FAE04EC0-301F-11D3-BF4B-00C04F79EFBC}") = "ExampleOutputShedule", "ExampleOutputShedule\ExampleOutputShedule.csproj", "{ED77F773-F5B8-4FF5-BE53-07EC3EE6D5F4}"
EndProject
Global
	GlobalSection(SolutionConfigurationPlatforms) = preSolution
		Debug|Any CPU = Debug|Any CPU
		Release|Any CPU = Release|Any CPU
	EndGlobalSection
	GlobalSection(ProjectConfigurationPlatforms) = postSolution
		{0800B88C-7F25-427E-BD57-04922BF3E066}.Debug|Any CPU.ActiveCfg = Debug|Any CPU
		{0800B88C-7F25-427E-BD57-04922BF3E066}.Debug|Any CPU.Build.0 = Debug|Any CPU
		{0800B88C-7F25-427E-BD57-04922BF3E066}.Release|Any CPU.ActiveCfg = Release|Any CPU
		{0800B88C-7F25-427E-BD57-04922BF3E066}.Release|Any CPU.Build.0 = Release|Any CPU
		{176E6303-ADC1-423A-BF8D-240AFB91DEA3}.Debug|Any CPU.ActiveCfg = Debug|Any CPU
		{176E6303-ADC1-423A-BF8D-240AFB91DEA3}.Debug|Any CPU.Build.0 = Debug|Any CPU
		{176E6303-ADC1-423A-BF8D-240AFB91DEA3}.Release|Any CPU.ActiveCfg = Release|Any CPU
		{176E6303-ADC1-423A-BF8D-240AFB91DEA3}.Release|Any CPU.Build.0 = Release|Any CPU
		{ED77F773-F5B8-4FF5-BE53-07EC3EE6D5F4}.Debug|Any CPU.ActiveCfg = Debug|Any CPU
		{ED77F773-F5B8-4FF5-BE53-07EC3EE6D5F4}.Debug|Any CPU.Build.0 = Debug|Any CPU
		{ED77F773-F5B8-4FF5-BE53-07EC3EE6D5F4}.Release|Any CPU.ActiveCfg = Release|Any CPU
		{ED77F773-F5B8-4FF5-BE53-07EC3EE6D5F4}.Release|Any CPU.Build.0 = Release|Any CPU
	EndGlobalSection
	GlobalSection(SolutionProperties) = preSolution
		HideSolutionNode = FALSE
	EndGlobalSection
EndGlobal
